{
  "name": "rcli-meet",
  "version": "0.1.0",
  "lockfileVersion": 3,
  "requires": true,
  "packages": {
    "": {
      "name": "rcli-meet",
      "version": "0.1.0",
      "dependencies": {
        "sherpa-onnx": "^1.12.11"
      },
      "bin": {
        "rcli-meet": "src/main.js"
      }
    },
    "node_modules/sherpa-onnx": {
      "version": "1.13.4",
      "resolved": "https://registry.npmjs.org/sherpa-onnx/-/sherpa-onnx-1.13.4.tgz",
      "integrity": "sha512-KnfQkA+LxbptrWX1gd7upGDyFkLslJVlOudUWPkwveHwYIXo5Qq97Tx02NF5aE0G3cgKpHBh2z+CR+s6ywZPPQ==",
      "license": "Apache-2.0"
    }
  }
}
